
Microsoft Visual Studio Solution File, Format Version 12.00
# Visual Studio Version 17
VisualStudioVersion = 17.4.33403.182
MinimumVisualStudioVersion = 10.0.40219.1
Project("{9A19103F-16F7-4668-BE54-9A1E7A4F7556}") = "Mythosia", "Mythosia\Mythosia.csproj", "{9FAF4537-967E-4178-8AFB-FDEF0B12C956}"
EndProject
Project("{9A19103F-16F7-4668-BE54-9A1E7A4F7556}") = "Mythosia.Integrity", "Mythosia.Integrity\Mythosia.Integrity.csproj", "{90302DC2-A162-4F2F-B50C-33E97D4E5345}"
EndProject
Project("{9A19103F-16F7-4668-BE54-9A1E7A4F7556}") = "Mythosia.Test.Function", "Mythosia.Test\Mythosia.Test.Function.csproj", "{76A64F06-FC28-4F87-98C3-7A90057E1E63}"
EndProject
Project("{9A19103F-16F7-4668-BE54-9A1E7A4F7556}") = "Mythosia.Security.Cryptography", "Mythosia.Security.Cryptography\Mythosia.Security.Cryptography.csproj", "{DDAB1FB1-7D98-4B7F-9E1A-2DDB474F91A7}"
EndProject
Project("{9A19103F-16F7-4668-BE54-9A1E7A4F7556}") = "Mythosia.Geoscience.Geography", "Mythosia.Geoscience.Geography\Mythosia.Geoscience.Geography.csproj", "{D612903E-A997-4563-9EC6-766CFC7E178E}"
EndProject
Project("{8BC9CEB8-8B4A-11D0-8D11-00A0C91BC942}") = "CppTestOnWIndows", "CppTestOnWIndows\CppTestOnWIndows.vcxproj", "{3726706C-B386-4A74-ABD8-A83E8CBDE988}"
EndProject
Project("{9A19103F-16F7-4668-BE54-9A1E7A4F7556}") = "Mythosia.Net", "Mythosia.Net\Mythosia.Net.csproj", "{5B7CBA53-B196-4A75-B37C-7C122DF5AAE3}"
EndProject
Project("{9A19103F-16F7-4668-BE54-9A1E7A4F7556}") = "Mythosia.Test.Performance", "Mythosia.Test.Performance\Mythosia.Test.Performance.csproj", "{BCDAFCE4-7994-4A51-BBD3-D273AD117322}"
EndProject
Project("{9A19103F-16F7-4668-BE54-9A1E7A4F7556}") = "Mythosia.Azure", "Mythosia.Azure\Mythosia.Azure.csproj", "{2970E61E-4FEE-47E6-895A-074E557F04D7}"
EndProject
Project("{9A19103F-16F7-4668-BE54-9A1E7A4F7556}") = "Mythosia.Azure.Storage.Blobs", "Mythosia.Azure.Storage.Blobs\Mythosia.Azure.Storage.Blobs.csproj", "{2EE989F6-6AB7-4623-9FD4-05281B9CD4FB}"
EndProject
Project("{2150E333-8FDC-42A3-9474-1A3956D46DE8}") = "Azure", "Azure", "{30F550D4-0DB3-4383-A703-E631C53034A5}"
EndProject
Project("{9A19103F-16F7-4668-BE54-9A1E7A4F7556}") = "Mythosia.Azure.AI", "Mythosia.Azure.AI\Mythosia.Azure.AI.csproj", "{971E378E-E6A8-4131-AB20-4871B73FA114}"
EndProject
Project("{2150E333-8FDC-42A3-9474-1A3956D46DE8}") = "Test", "Test", "{3F5AC974-AB30-47ED-B7AE-C531343AE0AE}"
EndProject
Project("{9A19103F-16F7-4668-BE54-9A1E7A4F7556}") = "Mythosia.AI", "Mythosia.AI\Mythosia.AI.csproj", "{9A44EEC4-4405-4450-966F-0B8FF63DB2F8}"
EndProject
Project("{FAE04EC0-301F-11D3-BF4B-00C04F79EFBC}") = "Mythosia.AI.Test", "Mythosia.AI.Test\Mythosia.AI.Test.csproj", "{D3C7B74F-16B2-4753-928C-06B9A12E62B0}"
EndProject
Global
	GlobalSection(SolutionConfigurationPlatforms) = preSolution
		Debug|Any CPU = Debug|Any CPU
		Debug|ARM = Debug|ARM
		Debug|ARM64 = Debug|ARM64
		Debug|x64 = Debug|x64
		Debug|x86 = Debug|x86
		Release|Any CPU = Release|Any CPU
		Release|ARM = Release|ARM
		Release|ARM64 = Release|ARM64
		Release|x64 = Release|x64
		Release|x86 = Release|x86
	EndGlobalSection
	GlobalSection(ProjectConfigurationPlatforms) = postSolution
		{9FAF4537-967E-4178-8AFB-FDEF0B12C956}.Debug|Any CPU.ActiveCfg = Debug|Any CPU
		{9FAF4537-967E-4178-8AFB-FDEF0B12C956}.Debug|Any CPU.Build.0 = Debug|Any CPU
		{9FAF4537-967E-4178-8AFB-FDEF0B12C956}.Debug|ARM.ActiveCfg = Debug|Any CPU
		{9FAF4537-967E-4178-8AFB-FDEF0B12C956}.Debug|ARM.Build.0 = Debug|Any CPU
		{9FAF4537-967E-4178-8AFB-FDEF0B12C956}.Debug|ARM64.ActiveCfg = Debug|Any CPU
		{9FAF4537-967E-4178-8AFB-FDEF0B12C956}.Debug|ARM64.Build.0 = Debug|Any CPU
		{9FAF4537-967E-4178-8AFB-FDEF0B12C956}.Debug|x64.ActiveCfg = Debug|Any CPU
		{9FAF4537-967E-4178-8AFB-FDEF0B12C956}.Debug|x64.Build.0 = Debug|Any CPU
		{9FAF4537-967E-4178-8AFB-FDEF0B12C956}.Debug|x86.ActiveCfg = Debug|Any CPU
		{9FAF4537-967E-4178-8AFB-FDEF0B12C956}.Debug|x86.Build.0 = Debug|Any CPU
		{9FAF4537-967E-4178-8AFB-FDEF0B12C956}.Release|Any CPU.ActiveCfg = Release|Any CPU
		{9FAF4537-967E-4178-8AFB-FDEF0B12C956}.Release|Any CPU.Build.0 = Release|Any CPU
		{9FAF4537-967E-4178-8AFB-FDEF0B12C956}.Release|ARM.ActiveCfg = Release|Any CPU
		{9FAF4537-967E-4178-8AFB-FDEF0B12C956}.Release|ARM.Build.0 = Release|Any CPU
		{9FAF4537-967E-4178-8AFB-FDEF0B12C956}.Release|ARM64.ActiveCfg = Release|Any CPU
		{9FAF4537-967E-4178-8AFB-FDEF0B12C956}.Release|ARM64.Build.0 = Release|Any CPU
		{9FAF4537-967E-4178-8AFB-FDEF0B12C956}.Release|x64.ActiveCfg = Release|Any CPU
		{9FAF4537-967E-4178-8AFB-FDEF0B12C956}.Release|x64.Build.0 = Release|Any CPU
		{9FAF4537-967E-4178-8AFB-FDEF0B12C956}.Release|x86.ActiveCfg = Release|Any CPU
		{9FAF4537-967E-4178-8AFB-FDEF0B12C956}.Release|x86.Build.0 = Release|Any CPU
		{90302DC2-A162-4F2F-B50C-33E97D4E5345}.Debug|Any CPU.ActiveCfg = Debug|Any CPU
		{90302DC2-A162-4F2F-B50C-33E97D4E5345}.Debug|Any CPU.Build.0 = Debug|Any CPU
		{90302DC2-A162-4F2F-B50C-33E97D4E5345}.Debug|ARM.ActiveCfg = Debug|Any CPU
		{90302DC2-A162-4F2F-B50C-33E97D4E5345}.Debug|ARM.Build.0 = Debug|Any CPU
		{90302DC2-A162-4F2F-B50C-33E97D4E5345}.Debug|ARM64.ActiveCfg = Debug|Any CPU
		{90302DC2-A162-4F2F-B50C-33E97D4E5345}.Debug|ARM64.Build.0 = Debug|Any CPU
		{90302DC2-A162-4F2F-B50C-33E97D4E5345}.Debug|x64.ActiveCfg = Debug|Any CPU
		{90302DC2-A162-4F2F-B50C-33E97D4E5345}.Debug|x64.Build.0 = Debug|Any CPU
		{90302DC2-A162-4F2F-B50C-33E97D4E5345}.Debug|x86.ActiveCfg = Debug|Any CPU
		{90302DC2-A162-4F2F-B50C-33E97D4E5345}.Debug|x86.Build.0 = Debug|Any CPU
		{90302DC2-A162-4F2F-B50C-33E97D4E5345}.Release|Any CPU.ActiveCfg = Release|Any CPU
		{90302DC2-A162-4F2F-B50C-33E97D4E5345}.Release|Any CPU.Build.0 = Release|Any CPU
		{90302DC2-A162-4F2F-B50C-33E97D4E5345}.Release|ARM.ActiveCfg = Release|Any CPU
		{90302DC2-A162-4F2F-B50C-33E97D4E5345}.Release|ARM.Build.0 = Release|Any CPU
		{90302DC2-A162-4F2F-B50C-33E97D4E5345}.Release|ARM64.ActiveCfg = Release|Any CPU
		{90302DC2-A162-4F2F-B50C-33E97D4E5345}.Release|ARM64.Build.0 = Release|Any CPU
		{90302DC2-A162-4F2F-B50C-33E97D4E5345}.Release|x64.ActiveCfg = Release|Any CPU
		{90302DC2-A162-4F2F-B50C-33E97D4E5345}.Release|x64.Build.0 = Release|Any CPU
		{90302DC2-A162-4F2F-B50C-33E97D4E5345}.Release|x86.ActiveCfg = Release|Any CPU
		{90302DC2-A162-4F2F-B50C-33E97D4E5345}.Release|x86.Build.0 = Release|Any CPU
		{76A64F06-FC28-4F87-98C3-7A90057E1E63}.Debug|Any CPU.ActiveCfg = Debug|Any CPU
		{76A64F06-FC28-4F87-98C3-7A90057E1E63}.Debug|Any CPU.Build.0 = Debug|Any CPU
		{76A64F06-FC28-4F87-98C3-7A90057E1E63}.Debug|ARM.ActiveCfg = Debug|Any CPU
		{76A64F06-FC28-4F87-98C3-7A90057E1E63}.Debug|ARM.Build.0 = Debug|Any CPU
		{76A64F06-FC28-4F87-98C3-7A90057E1E63}.Debug|ARM64.ActiveCfg = Debug|Any CPU
		{76A64F06-FC28-4F87-98C3-7A90057E1E63}.Debug|ARM64.Build.0 = Debug|Any CPU
		{76A64F06-FC28-4F87-98C3-7A90057E1E63}.Debug|x64.ActiveCfg = Debug|Any CPU
		{76A64F06-FC28-4F87-98C3-7A90057E1E63}.Debug|x64.Build.0 = Debug|Any CPU
		{76A64F06-FC28-4F87-98C3-7A90057E1E63}.Debug|x86.ActiveCfg = Debug|Any CPU
		{76A64F06-FC28-4F87-98C3-7A90057E1E63}.Debug|x86.Build.0 = Debug|Any CPU
		{76A64F06-FC28-4F87-98C3-7A90057E1E63}.Release|Any CPU.ActiveCfg = Release|Any CPU
		{76A64F06-FC28-4F87-98C3-7A90057E1E63}.Release|Any CPU.Build.0 = Release|Any CPU
		{76A64F06-FC28-4F87-98C3-7A90057E1E63}.Release|ARM.ActiveCfg = Release|Any CPU
		{76A64F06-FC28-4F87-98C3-7A90057E1E63}.Release|ARM.Build.0 = Release|Any CPU
		{76A64F06-FC28-4F87-98C3-7A90057E1E63}.Release|ARM64.ActiveCfg = Release|Any CPU
		{76A64F06-FC28-4F87-98C3-7A90057E1E63}.Release|ARM64.Build.0 = Release|Any CPU
		{76A64F06-FC28-4F87-98C3-7A90057E1E63}.Release|x64.ActiveCfg = Release|Any CPU
		{76A64F06-FC28-4F87-98C3-7A90057E1E63}.Release|x64.Build.0 = Release|Any CPU
		{76A64F06-FC28-4F87-98C3-7A90057E1E63}.Release|x86.ActiveCfg = Release|Any CPU
		{76A64F06-FC28-4F87-98C3-7A90057E1E63}.Release|x86.Build.0 = Release|Any CPU
		{DDAB1FB1-7D98-4B7F-9E1A-2DDB474F91A7}.Debug|Any CPU.ActiveCfg = Debug|Any CPU
		{DDAB1FB1-7D98-4B7F-9E1A-2DDB474F91A7}.Debug|Any CPU.Build.0 = Debug|Any CPU
		{DDAB1FB1-7D98-4B7F-9E1A-2DDB474F91A7}.Debug|ARM.ActiveCfg = Debug|Any CPU
		{DDAB1FB1-7D98-4B7F-9E1A-2DDB474F91A7}.Debug|ARM.Build.0 = Debug|Any CPU
		{DDAB1FB1-7D98-4B7F-9E1A-2DDB474F91A7}.Debug|ARM64.ActiveCfg = Debug|Any CPU
		{DDAB1FB1-7D98-4B7F-9E1A-2DDB474F91A7}.Debug|ARM64.Build.0 = Debug|Any CPU
		{DDAB1FB1-7D98-4B7F-9E1A-2DDB474F91A7}.Debug|x64.ActiveCfg = Debug|Any CPU
		{DDAB1FB1-7D98-4B7F-9E1A-2DDB474F91A7}.Debug|x64.Build.0 = Debug|Any CPU
		{DDAB1FB1-7D98-4B7F-9E1A-2DDB474F91A7}.Debug|x86.ActiveCfg = Debug|Any CPU
		{DDAB1FB1-7D98-4B7F-9E1A-2DDB474F91A7}.Debug|x86.Build.0 = Debug|Any CPU
		{DDAB1FB1-7D98-4B7F-9E1A-2DDB474F91A7}.Release|Any CPU.ActiveCfg = Release|Any CPU
		{DDAB1FB1-7D98-4B7F-9E1A-2DDB474F91A7}.Release|Any CPU.Build.0 = Release|Any CPU
		{DDAB1FB1-7D98-4B7F-9E1A-2DDB474F91A7}.Release|ARM.ActiveCfg = Release|Any CPU
		{DDAB1FB1-7D98-4B7F-9E1A-2DDB474F91A7}.Release|ARM.Build.0 = Release|Any CPU
		{DDAB1FB1-7D98-4B7F-9E1A-2DDB474F91A7}.Release|ARM64.ActiveCfg = Release|Any CPU
		{DDAB1FB1-7D98-4B7F-9E1A-2DDB474F91A7}.Release|ARM64.Build.0 = Release|Any CPU
		{DDAB1FB1-7D98-4B7F-9E1A-2DDB474F91A7}.Release|x64.ActiveCfg = Release|Any CPU
		{DDAB1FB1-7D98-4B7F-9E1A-2DDB474F91A7}.Release|x64.Build.0 = Release|Any CPU
		{DDAB1FB1-7D98-4B7F-9E1A-2DDB474F91A7}.Release|x86.ActiveCfg = Release|Any CPU
		{DDAB1FB1-7D98-4B7F-9E1A-2DDB474F91A7}.Release|x86.Build.0 = Release|Any CPU
		{D612903E-A997-4563-9EC6-766CFC7E178E}.Debug|Any CPU.ActiveCfg = Debug|Any CPU
		{D612903E-A997-4563-9EC6-766CFC7E178E}.Debug|Any CPU.Build.0 = Debug|Any CPU
		{D612903E-A997-4563-9EC6-766CFC7E178E}.Debug|ARM.ActiveCfg = Debug|Any CPU
		{D612903E-A997-4563-9EC6-766CFC7E178E}.Debug|ARM.Build.0 = Debug|Any CPU
		{D612903E-A997-4563-9EC6-766CFC7E178E}.Debug|ARM64.ActiveCfg = Debug|Any CPU
		{D612903E-A997-4563-9EC6-766CFC7E178E}.Debug|ARM64.Build.0 = Debug|Any CPU
		{D612903E-A997-4563-9EC6-766CFC7E178E}.Debug|x64.ActiveCfg = Debug|Any CPU
		{D612903E-A997-4563-9EC6-766CFC7E178E}.Debug|x64.Build.0 = Debug|Any CPU
		{D612903E-A997-4563-9EC6-766CFC7E178E}.Debug|x86.ActiveCfg = Debug|Any CPU
		{D612903E-A997-4563-9EC6-766CFC7E178E}.Debug|x86.Build.0 = Debug|Any CPU
		{D612903E-A997-4563-9EC6-766CFC7E178E}.Release|Any CPU.ActiveCfg = Release|Any CPU
		{D612903E-A997-4563-9EC6-766CFC7E178E}.Release|Any CPU.Build.0 = Release|Any CPU
		{D612903E-A997-4563-9EC6-766CFC7E178E}.Release|ARM.ActiveCfg = Release|Any CPU
		{D612903E-A997-4563-9EC6-766CFC7E178E}.Release|ARM.Build.0 = Release|Any CPU
		{D612903E-A997-4563-9EC6-766CFC7E178E}.Release|ARM64.ActiveCfg = Release|Any CPU
		{D612903E-A997-4563-9EC6-766CFC7E178E}.Release|ARM64.Build.0 = Release|Any CPU
		{D612903E-A997-4563-9EC6-766CFC7E178E}.Release|x64.ActiveCfg = Release|Any CPU
		{D612903E-A997-4563-9EC6-766CFC7E178E}.Release|x64.Build.0 = Release|Any CPU
		{D612903E-A997-4563-9EC6-766CFC7E178E}.Release|x86.ActiveCfg = Release|Any CPU
		{D612903E-A997-4563-9EC6-766CFC7E178E}.Release|x86.Build.0 = Release|Any CPU
		{3726706C-B386-4A74-ABD8-A83E8CBDE988}.Debug|Any CPU.ActiveCfg = Debug|x64
		{3726706C-B386-4A74-ABD8-A83E8CBDE988}.Debug|Any CPU.Build.0 = Debug|x64
		{3726706C-B386-4A74-ABD8-A83E8CBDE988}.Debug|ARM.ActiveCfg = Debug|x64
		{3726706C-B386-4A74-ABD8-A83E8CBDE988}.Debug|ARM.Build.0 = Debug|x64
		{3726706C-B386-4A74-ABD8-A83E8CBDE988}.Debug|ARM64.ActiveCfg = Debug|x64
		{3726706C-B386-4A74-ABD8-A83E8CBDE988}.Debug|ARM64.Build.0 = Debug|x64
		{3726706C-B386-4A74-ABD8-A83E8CBDE988}.Debug|x64.ActiveCfg = Debug|x64
		{3726706C-B386-4A74-ABD8-A83E8CBDE988}.Debug|x64.Build.0 = Debug|x64
		{3726706C-B386-4A74-ABD8-A83E8CBDE988}.Debug|x86.ActiveCfg = Debug|Win32
		{3726706C-B386-4A74-ABD8-A83E8CBDE988}.Debug|x86.Build.0 = Debug|Win32
		{3726706C-B386-4A74-ABD8-A83E8CBDE988}.Release|Any CPU.ActiveCfg = Release|x64
		{3726706C-B386-4A74-ABD8-A83E8CBDE988}.Release|Any CPU.Build.0 = Release|x64
		{3726706C-B386-4A74-ABD8-A83E8CBDE988}.Release|ARM.ActiveCfg = Release|x64
		{3726706C-B386-4A74-ABD8-A83E8CBDE988}.Release|ARM.Build.0 = Release|x64
		{3726706C-B386-4A74-ABD8-A83E8CBDE988}.Release|ARM64.ActiveCfg = Release|x64
		{3726706C-B386-4A74-ABD8-A83E8CBDE988}.Release|ARM64.Build.0 = Release|x64
		{3726706C-B386-4A74-ABD8-A83E8CBDE988}.Release|x64.ActiveCfg = Release|x64
		{3726706C-B386-4A74-ABD8-A83E8CBDE988}.Release|x64.Build.0 = Release|x64
		{3726706C-B386-4A74-ABD8-A83E8CBDE988}.Release|x86.ActiveCfg = Release|Win32
		{3726706C-B386-4A74-ABD8-A83E8CBDE988}.Release|x86.Build.0 = Release|Win32
		{5B7CBA53-B196-4A75-B37C-7C122DF5AAE3}.Debug|Any CPU.ActiveCfg = Debug|Any CPU
		{5B7CBA53-B196-4A75-B37C-7C122DF5AAE3}.Debug|Any CPU.Build.0 = Debug|Any CPU
		{5B7CBA53-B196-4A75-B37C-7C122DF5AAE3}.Debug|ARM.ActiveCfg = Debug|Any CPU
		{5B7CBA53-B196-4A75-B37C-7C122DF5AAE3}.Debug|ARM.Build.0 = Debug|Any CPU
		{5B7CBA53-B196-4A75-B37C-7C122DF5AAE3}.Debug|ARM64.ActiveCfg = Debug|Any CPU
		{5B7CBA53-B196-4A75-B37C-7C122DF5AAE3}.Debug|ARM64.Build.0 = Debug|Any CPU
		{5B7CBA53-B196-4A75-B37C-7C122DF5AAE3}.Debug|x64.ActiveCfg = Debug|Any CPU
		{5B7CBA53-B196-4A75-B37C-7C122DF5AAE3}.Debug|x64.Build.0 = Debug|Any CPU
		{5B7CBA53-B196-4A75-B37C-7C122DF5AAE3}.Debug|x86.ActiveCfg = Debug|Any CPU
		{5B7CBA53-B196-4A75-B37C-7C122DF5AAE3}.Debug|x86.Build.0 = Debug|Any CPU
		{5B7CBA53-B196-4A75-B37C-7C122DF5AAE3}.Release|Any CPU.ActiveCfg = Release|Any CPU
		{5B7CBA53-B196-4A75-B37C-7C122DF5AAE3}.Release|Any CPU.Build.0 = Release|Any CPU
		{5B7CBA53-B196-4A75-B37C-7C122DF5AAE3}.Release|ARM.ActiveCfg = Release|Any CPU
		{5B7CBA53-B196-4A75-B37C-7C122DF5AAE3}.Release|ARM.Build.0 = Release|Any CPU
		{5B7CBA53-B196-4A75-B37C-7C122DF5AAE3}.Release|ARM64.ActiveCfg = Release|Any CPU
		{5B7CBA53-B196-4A75-B37C-7C122DF5AAE3}.Release|ARM64.Build.0 = Release|Any CPU
		{5B7CBA53-B196-4A75-B37C-7C122DF5AAE3}.Release|x64.ActiveCfg = Release|Any CPU
		{5B7CBA53-B196-4A75-B37C-7C122DF5AAE3}.Release|x64.Build.0 = Release|Any CPU
		{5B7CBA53-B196-4A75-B37C-7C122DF5AAE3}.Release|x86.ActiveCfg = Release|Any CPU
		{5B7CBA53-B196-4A75-B37C-7C122DF5AAE3}.Release|x86.Build.0 = Release|Any CPU
		{BCDAFCE4-7994-4A51-BBD3-D273AD117322}.Debug|Any CPU.ActiveCfg = Debug|Any CPU
		{BCDAFCE4-7994-4A51-BBD3-D273AD117322}.Debug|Any CPU.Build.0 = Debug|Any CPU
		{BCDAFCE4-7994-4A51-BBD3-D273AD117322}.Debug|ARM.ActiveCfg = Debug|Any CPU
		{BCDAFCE4-7994-4A51-BBD3-D273AD117322}.Debug|ARM.Build.0 = Debug|Any CPU
		{BCDAFCE4-7994-4A51-BBD3-D273AD117322}.Debug|ARM64.ActiveCfg = Debug|Any CPU
		{BCDAFCE4-7994-4A51-BBD3-D273AD117322}.Debug|ARM64.Build.0 = Debug|Any CPU
		{BCDAFCE4-7994-4A51-BBD3-D273AD117322}.Debug|x64.ActiveCfg = Debug|Any CPU
		{BCDAFCE4-7994-4A51-BBD3-D273AD117322}.Debug|x64.Build.0 = Debug|Any CPU
		{BCDAFCE4-7994-4A51-BBD3-D273AD117322}.Debug|x86.ActiveCfg = Debug|Any CPU
		{BCDAFCE4-7994-4A51-BBD3-D273AD117322}.Debug|x86.Build.0 = Debug|Any CPU
		{BCDAFCE4-7994-4A51-BBD3-D273AD117322}.Release|Any CPU.ActiveCfg = Release|Any CPU
		{BCDAFCE4-7994-4A51-BBD3-D273AD117322}.Release|Any CPU.Build.0 = Release|Any CPU
		{BCDAFCE4-7994-4A51-BBD3-D273AD117322}.Release|ARM.ActiveCfg = Release|Any CPU
		{BCDAFCE4-7994-4A51-BBD3-D273AD117322}.Release|ARM.Build.0 = Release|Any CPU
		{BCDAFCE4-7994-4A51-BBD3-D273AD117322}.Release|ARM64.ActiveCfg = Release|Any CPU
		{BCDAFCE4-7994-4A51-BBD3-D273AD117322}.Release|ARM64.Build.0 = Release|Any CPU
		{BCDAFCE4-7994-4A51-BBD3-D273AD117322}.Release|x64.ActiveCfg = Release|Any CPU
		{BCDAFCE4-7994-4A51-BBD3-D273AD117322}.Release|x64.Build.0 = Release|Any CPU
		{BCDAFCE4-7994-4A51-BBD3-D273AD117322}.Release|x86.ActiveCfg = Release|Any CPU
		{BCDAFCE4-7994-4A51-BBD3-D273AD117322}.Release|x86.Build.0 = Release|Any CPU
		{2970E61E-4FEE-47E6-895A-074E557F04D7}.Debug|Any CPU.ActiveCfg = Debug|Any CPU
		{2970E61E-4FEE-47E6-895A-074E557F04D7}.Debug|Any CPU.Build.0 = Debug|Any CPU
		{2970E61E-4FEE-47E6-895A-074E557F04D7}.Debug|ARM.ActiveCfg = Debug|Any CPU
		{2970E61E-4FEE-47E6-895A-074E557F04D7}.Debug|ARM.Build.0 = Debug|Any CPU
		{2970E61E-4FEE-47E6-895A-074E557F04D7}.Debug|ARM64.ActiveCfg = Debug|Any CPU
		{2970E61E-4FEE-47E6-895A-074E557F04D7}.Debug|ARM64.Build.0 = Debug|Any CPU
		{2970E61E-4FEE-47E6-895A-074E557F04D7}.Debug|x64.ActiveCfg = Debug|Any CPU
		{2970E61E-4FEE-47E6-895A-074E557F04D7}.Debug|x64.Build.0 = Debug|Any CPU
		{2970E61E-4FEE-47E6-895A-074E557F04D7}.Debug|x86.ActiveCfg = Debug|Any CPU
		{2970E61E-4FEE-47E6-895A-074E557F04D7}.Debug|x86.Build.0 = Debug|Any CPU
		{2970E61E-4FEE-47E6-895A-074E557F04D7}.Release|Any CPU.ActiveCfg = Release|Any CPU
		{2970E61E-4FEE-47E6-895A-074E557F04D7}.Release|Any CPU.Build.0 = Release|Any CPU
		{2970E61E-4FEE-47E6-895A-074E557F04D7}.Release|ARM.ActiveCfg = Release|Any CPU
		{2970E61E-4FEE-47E6-895A-074E557F04D7}.Release|ARM.Build.0 = Release|Any CPU
		{2970E61E-4FEE-47E6-895A-074E557F04D7}.Release|ARM64.ActiveCfg = Release|Any CPU
		{2970E61E-4FEE-47E6-895A-074E557F04D7}.Release|ARM64.Build.0 = Release|Any CPU
		{2970E61E-4FEE-47E6-895A-074E557F04D7}.Release|x64.ActiveCfg = Release|Any CPU
		{2970E61E-4FEE-47E6-895A-074E557F04D7}.Release|x64.Build.0 = Release|Any CPU
		{2970E61E-4FEE-47E6-895A-074E557F04D7}.Release|x86.ActiveCfg = Release|Any CPU
		{2970E61E-4FEE-47E6-895A-074E557F04D7}.Release|x86.Build.0 = Release|Any CPU
		{2EE989F6-6AB7-4623-9FD4-05281B9CD4FB}.Debug|Any CPU.ActiveCfg = Debug|Any CPU
		{2EE989F6-6AB7-4623-9FD4-05281B9CD4FB}.Debug|Any CPU.Build.0 = Debug|Any CPU
		{2EE989F6-6AB7-4623-9FD4-05281B9CD4FB}.Debug|ARM.ActiveCfg = Debug|Any CPU
		{2EE989F6-6AB7-4623-9FD4-05281B9CD4FB}.Debug|ARM.Build.0 = Debug|Any CPU
		{2EE989F6-6AB7-4623-9FD4-05281B9CD4FB}.Debug|ARM64.ActiveCfg = Debug|Any CPU
		{2EE989F6-6AB7-4623-9FD4-05281B9CD4FB}.Debug|ARM64.Build.0 = Debug|Any CPU
		{2EE989F6-6AB7-4623-9FD4-05281B9CD4FB}.Debug|x64.ActiveCfg = Debug|Any CPU
		{2EE989F6-6AB7-4623-9FD4-05281B9CD4FB}.Debug|x64.Build.0 = Debug|Any CPU
		{2EE989F6-6AB7-4623-9FD4-05281B9CD4FB}.Debug|x86.ActiveCfg = Debug|Any CPU
		{2EE989F6-6AB7-4623-9FD4-05281B9CD4FB}.Debug|x86.Build.0 = Debug|Any CPU
		{2EE989F6-6AB7-4623-9FD4-05281B9CD4FB}.Release|Any CPU.ActiveCfg = Release|Any CPU
		{2EE989F6-6AB7-4623-9FD4-05281B9CD4FB}.Release|Any CPU.Build.0 = Release|Any CPU
		{2EE989F6-6AB7-4623-9FD4-05281B9CD4FB}.Release|ARM.ActiveCfg = Release|Any CPU
		{2EE989F6-6AB7-4623-9FD4-05281B9CD4FB}.Release|ARM.Build.0 = Release|Any CPU
		{2EE989F6-6AB7-4623-9FD4-05281B9CD4FB}.Release|ARM64.ActiveCfg = Release|Any CPU
		{2EE989F6-6AB7-4623-9FD4-05281B9CD4FB}.Release|ARM64.Build.0 = Release|Any CPU
		{2EE989F6-6AB7-4623-9FD4-05281B9CD4FB}.Release|x64.ActiveCfg = Release|Any CPU
		{2EE989F6-6AB7-4623-9FD4-05281B9CD4FB}.Release|x64.Build.0 = Release|Any CPU
		{2EE989F6-6AB7-4623-9FD4-05281B9CD4FB}.Release|x86.ActiveCfg = Release|Any CPU
		{2EE989F6-6AB7-4623-9FD4-05281B9CD4FB}.Release|x86.Build.0 = Release|Any CPU
		{971E378E-E6A8-4131-AB20-4871B73FA114}.Debug|Any CPU.ActiveCfg = Debug|Any CPU
		{971E378E-E6A8-4131-AB20-4871B73FA114}.Debug|Any CPU.Build.0 = Debug|Any CPU
		{971E378E-E6A8-4131-AB20-4871B73FA114}.Debug|ARM.ActiveCfg = Debug|Any CPU
		{971E378E-E6A8-4131-AB20-4871B73FA114}.Debug|ARM.Build.0 = Debug|Any CPU
		{971E378E-E6A8-4131-AB20-4871B73FA114}.Debug|ARM64.ActiveCfg = Debug|Any CPU
		{971E378E-E6A8-4131-AB20-4871B73FA114}.Debug|ARM64.Build.0 = Debug|Any CPU
		{971E378E-E6A8-4131-AB20-4871B73FA114}.Debug|x64.ActiveCfg = Debug|Any CPU
		{971E378E-E6A8-4131-AB20-4871B73FA114}.Debug|x64.Build.0 = Debug|Any CPU
		{971E378E-E6A8-4131-AB20-4871B73FA114}.Debug|x86.ActiveCfg = Debug|Any CPU
		{971E378E-E6A8-4131-AB20-4871B73FA114}.Debug|x86.Build.0 = Debug|Any CPU
		{971E378E-E6A8-4131-AB20-4871B73FA114}.Release|Any CPU.ActiveCfg = Release|Any CPU
		{971E378E-E6A8-4131-AB20-4871B73FA114}.Release|Any CPU.Build.0 = Release|Any CPU
		{971E378E-E6A8-4131-AB20-4871B73FA114}.Release|ARM.ActiveCfg = Release|Any CPU
		{971E378E-E6A8-4131-AB20-4871B73FA114}.Release|ARM.Build.0 = Release|Any CPU
		{971E378E-E6A8-4131-AB20-4871B73FA114}.Release|ARM64.ActiveCfg = Release|Any CPU
		{971E378E-E6A8-4131-AB20-4871B73FA114}.Release|ARM64.Build.0 = Release|Any CPU
		{971E378E-E6A8-4131-AB20-4871B73FA114}.Release|x64.ActiveCfg = Release|Any CPU
		{971E378E-E6A8-4131-AB20-4871B73FA114}.Release|x64.Build.0 = Release|Any CPU
		{971E378E-E6A8-4131-AB20-4871B73FA114}.Release|x86.ActiveCfg = Release|Any CPU
		{971E378E-E6A8-4131-AB20-4871B73FA114}.Release|x86.Build.0 = Release|Any CPU
		{9A44EEC4-4405-4450-966F-0B8FF63DB2F8}.Debug|Any CPU.ActiveCfg = Debug|Any CPU
		{9A44EEC4-4405-4450-966F-0B8FF63DB2F8}.Debug|Any CPU.Build.0 = Debug|Any CPU
		{9A44EEC4-4405-4450-966F-0B8FF63DB2F8}.Debug|ARM.ActiveCfg = Debug|Any CPU
		{9A44EEC4-4405-4450-966F-0B8FF63DB2F8}.Debug|ARM.Build.0 = Debug|Any CPU
		{9A44EEC4-4405-4450-966F-0B8FF63DB2F8}.Debug|ARM64.ActiveCfg = Debug|Any CPU
		{9A44EEC4-4405-4450-966F-0B8FF63DB2F8}.Debug|ARM64.Build.0 = Debug|Any CPU
		{9A44EEC4-4405-4450-966F-0B8FF63DB2F8}.Debug|x64.ActiveCfg = Debug|Any CPU
		{9A44EEC4-4405-4450-966F-0B8FF63DB2F8}.Debug|x64.Build.0 = Debug|Any CPU
		{9A44EEC4-4405-4450-966F-0B8FF63DB2F8}.Debug|x86.ActiveCfg = Debug|Any CPU
		{9A44EEC4-4405-4450-966F-0B8FF63DB2F8}.Debug|x86.Build.0 = Debug|Any CPU
		{9A44EEC4-4405-4450-966F-0B8FF63DB2F8}.Release|Any CPU.ActiveCfg = Release|Any CPU
		{9A44EEC4-4405-4450-966F-0B8FF63DB2F8}.Release|Any CPU.Build.0 = Release|Any CPU
		{9A44EEC4-4405-4450-966F-0B8FF63DB2F8}.Release|ARM.ActiveCfg = Release|Any CPU
		{9A44EEC4-4405-4450-966F-0B8FF63DB2F8}.Release|ARM.Build.0 = Release|Any CPU
		{9A44EEC4-4405-4450-966F-0B8FF63DB2F8}.Release|ARM64.ActiveCfg = Release|Any CPU
		{9A44EEC4-4405-4450-966F-0B8FF63DB2F8}.Release|ARM64.Build.0 = Release|Any CPU
		{9A44EEC4-4405-4450-966F-0B8FF63DB2F8}.Release|x64.ActiveCfg = Release|Any CPU
		{9A44EEC4-4405-4450-966F-0B8FF63DB2F8}.Release|x64.Build.0 = Release|Any CPU
		{9A44EEC4-4405-4450-966F-0B8FF63DB2F8}.Release|x86.ActiveCfg = Release|Any CPU
		{9A44EEC4-4405-4450-966F-0B8FF63DB2F8}.Release|x86.Build.0 = Release|Any CPU
		{D3C7B74F-16B2-4753-928C-06B9A12E62B0}.Debug|Any CPU.ActiveCfg = Debug|Any CPU
		{D3C7B74F-16B2-4753-928C-06B9A12E62B0}.Debug|Any CPU.Build.0 = Debug|Any CPU
		{D3C7B74F-16B2-4753-928C-06B9A12E62B0}.Debug|ARM.ActiveCfg = Debug|Any CPU
		{D3C7B74F-16B2-4753-928C-06B9A12E62B0}.Debug|ARM.Build.0 = Debug|Any CPU
		{D3C7B74F-16B2-4753-928C-06B9A12E62B0}.Debug|ARM64.ActiveCfg = Debug|Any CPU
		{D3C7B74F-16B2-4753-928C-06B9A12E62B0}.Debug|ARM64.Build.0 = Debug|Any CPU
		{D3C7B74F-16B2-4753-928C-06B9A12E62B0}.Debug|x64.ActiveCfg = Debug|Any CPU
		{D3C7B74F-16B2-4753-928C-06B9A12E62B0}.Debug|x64.Build.0 = Debug|Any CPU
		{D3C7B74F-16B2-4753-928C-06B9A12E62B0}.Debug|x86.ActiveCfg = Debug|Any CPU
		{D3C7B74F-16B2-4753-928C-06B9A12E62B0}.Debug|x86.Build.0 = Debug|Any CPU
		{D3C7B74F-16B2-4753-928C-06B9A12E62B0}.Release|Any CPU.ActiveCfg = Release|Any CPU
		{D3C7B74F-16B2-4753-928C-06B9A12E62B0}.Release|Any CPU.Build.0 = Release|Any CPU
		{D3C7B74F-16B2-4753-928C-06B9A12E62B0}.Release|ARM.ActiveCfg = Release|Any CPU
		{D3C7B74F-16B2-4753-928C-06B9A12E62B0}.Release|ARM.Build.0 = Release|Any CPU
		{D3C7B74F-16B2-4753-928C-06B9A12E62B0}.Release|ARM64.ActiveCfg = Release|Any CPU
		{D3C7B74F-16B2-4753-928C-06B9A12E62B0}.Release|ARM64.Build.0 = Release|Any CPU
		{D3C7B74F-16B2-4753-928C-06B9A12E62B0}.Release|x64.ActiveCfg = Release|Any CPU
		{D3C7B74F-16B2-4753-928C-06B9A12E62B0}.Release|x64.Build.0 = Release|Any CPU
		{D3C7B74F-16B2-4753-928C-06B9A12E62B0}.Release|x86.ActiveCfg = Release|Any CPU
		{D3C7B74F-16B2-4753-928C-06B9A12E62B0}.Release|x86.Build.0 = Release|Any CPU
	EndGlobalSection
	GlobalSection(SolutionProperties) = preSolution
		HideSolutionNode = FALSE
	EndGlobalSection
	GlobalSection(NestedProjects) = preSolution
		{76A64F06-FC28-4F87-98C3-7A90057E1E63} = {3F5AC974-AB30-47ED-B7AE-C531343AE0AE}
		{2970E61E-4FEE-47E6-895A-074E557F04D7} = {30F550D4-0DB3-4383-A703-E631C53034A5}
		{2EE989F6-6AB7-4623-9FD4-05281B9CD4FB} = {30F550D4-0DB3-4383-A703-E631C53034A5}
		{971E378E-E6A8-4131-AB20-4871B73FA114} = {30F550D4-0DB3-4383-A703-E631C53034A5}
		{D3C7B74F-16B2-4753-928C-06B9A12E62B0} = {3F5AC974-AB30-47ED-B7AE-C531343AE0AE}
	EndGlobalSection
	GlobalSection(ExtensibilityGlobals) = postSolution
		SolutionGuid = {95264BEB-32FE-4435-AA33-11FC052D94D5}
	EndGlobalSection
EndGlobal
